
Microsoft Visual Studio Solution File, Format Version 12.00
# Visual Studio 15
VisualStudioVersion = 15.0.27428.2027
MinimumVisualStudioVersion = 10.0.40219.1
Project("{FAE04EC0-301F-11D3-BF4B-00C04F79EFBC}") = "Problem 010", "Problem 010\Problem 010.csproj", "{C4D9C0B6-384F-4CCE-850F-6A66CAF14704}"
EndProject
Global
	GlobalSection(SolutionConfigurationPlatforms) = preSolution
		Debug|Any CPU = Debug|Any CPU
		Release|Any CPU = Release|Any CPU
	EndGlobalSection
	GlobalSection(ProjectConfigurationPlatforms) = postSolution
		{C4D9C0B6-384F-4CCE-850F-6A66CAF14704}.Debug|Any CPU.ActiveCfg = Debug|Any CPU
		{C4D9C0B6-384F-4CCE-850F-6A66CAF14704}.Debug|Any CPU.Build.0 = Debug|Any CPU
		{C4D9C0B6-384F-4CCE-850F-6A66CAF14704}.Release|Any CPU.ActiveCfg = Release|Any CPU
		{C4D9C0B6-384F-4CCE-850F-6A66CAF14704}.Release|Any CPU.Build.0 = Release|Any CPU
	EndGlobalSection
	GlobalSection(SolutionProperties) = preSolution
		HideSolutionNode = FALSE
	EndGlobalSection
	GlobalSection(ExtensibilityGlobals) = postSolution
		SolutionGuid = {B5838B9B-6CFF-4E67-805E-78C8D689C553}
	EndGlobalSection
EndGlobal
